
Microsoft Visual Studio Solution File, Format Version 12.00
# Visual Studio Version 16
VisualStudioVersion = 16.0.29102.190
MinimumVisualStudioVersion = 10.0.40219.1
Project("{FAE04EC0-301F-11D3-BF4B-00C04F79EFBC}") = "WILWebAppNetCore", "WILWebAppNetCore\WILWebAppNetCore.csproj", "{29C9D577-A217-4C66-A0EE-0E16F33B1420}"
EndProject
Global
	GlobalSection(SolutionConfigurationPlatforms) = preSolution
		Debug|Any CPU = Debug|Any CPU
		Release|Any CPU = Release|Any CPU
	EndGlobalSection
	GlobalSection(ProjectConfigurationPlatforms) = postSolution
		{29C9D577-A217-4C66-A0EE-0E16F33B1420}.Debug|Any CPU.ActiveCfg = Debug|Any CPU
		{29C9D577-A217-4C66-A0EE-0E16F33B1420}.Debug|Any CPU.Build.0 = Debug|Any CPU
		{29C9D577-A217-4C66-A0EE-0E16F33B1420}.Release|Any CPU.ActiveCfg = Release|Any CPU
		{29C9D577-A217-4C66-A0EE-0E16F33B1420}.Release|Any CPU.Build.0 = Release|Any CPU
	EndGlobalSection
	GlobalSection(SolutionProperties) = preSolution
		HideSolutionNode = FALSE
	EndGlobalSection
	GlobalSection(ExtensibilityGlobals) = postSolution
		SolutionGuid = {52BA72E8-438C-4C77-8283-2E351EF6876A}
	EndGlobalSection
EndGlobal
